// !$*UTF8*$!
{
	archiveVersion = 1;
	classes = {
	};
	objectVersion = 46;
	objects = {

/* Begin PBXBuildFile section */
		BE1BEFC01744D54100F39046 /* UIKit.framework in Frameworks */ = {isa = PBXBuildFile; fileRef = BE1BEFBF1744D54100F39046 /* UIKit.framework */; };
		BE1BEFC21744D54100F39046 /* Foundation.framework in Frameworks */ = {isa = PBXBuildFile; fileRef = BE1BEFC11744D54100F39046 /* Foundation.framework */; };
		BE1BEFC41744D54100F39046 /* CoreGraphics.framework in Frameworks */ = {isa = PBXBuildFile; fileRef = BE1BEFC31744D54100F39046 /* CoreGraphics.framework */; };
		BE1BEFCA1744D54100F39046 /* InfoPlist.strings in Resources */ = {isa = PBXBuildFile; fileRef = BE1BEFC81744D54100F39046 /* InfoPlist.strings */; };
		BE1BEFCC1744D54100F39046 /* main.m in Sources */ = {isa = PBXBuildFile; fileRef = BE1BEFCB1744D54100F39046 /* main.m */; };
		BE1BEFD01744D54100F39046 /* AppDelegate.m in Sources */ = {isa = PBXBuildFile; fileRef = BE1BEFCF1744D54100F39046 /* AppDelegate.m */; };
		BE1BEFD21744D54100F39046 /* Default.png in Resources */ = {isa = PBXBuildFile; fileRef = BE1BEFD11744D54100F39046 /* Default.png */; };
		BE1BEFD41744D54100F39046 /* Default@2x.png in Resources */ = {isa = PBXBuildFile; fileRef = BE1BEFD31744D54100F39046 /* Default@2x.png */; };
		BE1BEFD61744D54100F39046 /* Default-568h@2x.png in Resources */ = {isa = PBXBuildFile; fileRef = BE1BEFD51744D54100F39046 /* Default-568h@2x.png */; };
		BE1BEFDE1744DD2E00F39046 /* iCoreGUIController.m in Sources */ = {isa = PBXBuildFile; fileRef = BE1BEFDD1744DD2E00F39046 /* iCoreGUIController.m */; };
		BE1BEFE11744E2E100F39046 /* OpenGLView.m in Sources */ = {isa = PBXBuildFile; fileRef = BE1BEFE01744E2E100F39046 /* OpenGLView.m */; };
		BE1BEFE41744E32100F39046 /* OpenGLES.framework in Frameworks */ = {isa = PBXBuildFile; fileRef = BE1BEFE21744E31600F39046 /* OpenGLES.framework */; };
		BE1BEFE61744E3F300F39046 /* QuartzCore.framework in Frameworks */ = {isa = PBXBuildFile; fileRef = BE1BEFE51744E3F300F39046 /* QuartzCore.framework */; };
		BE1BEFF21744E5FA00F39046 /* CC3Foundation.m in Sources */ = {isa = PBXBuildFile; fileRef = BE1BEFE91744E5FA00F39046 /* CC3Foundation.m */; };
		BE1BEFF31744E5FA00F39046 /* CC3GLMatrix.m in Sources */ = {isa = PBXBuildFile; fileRef = BE1BEFEB1744E5FA00F39046 /* CC3GLMatrix.m */; };
		BE1BEFF41744E5FA00F39046 /* CC3Kazmath.c in Sources */ = {isa = PBXBuildFile; fileRef = BE1BEFEC1744E5FA00F39046 /* CC3Kazmath.c */; };
		BE1BEFF51744E5FA00F39046 /* CC3Math.m in Sources */ = {isa = PBXBuildFile; fileRef = BE1BEFF01744E5FA00F39046 /* CC3Math.m */; };
		BE1BEFF91744E75000F39046 /* SimpleFragment.glsl in Resources */ = {isa = PBXBuildFile; fileRef = BE1BEFF71744E75000F39046 /* SimpleFragment.glsl */; };
		BE1BEFFA1744E75000F39046 /* SimpleVertex.glsl in Resources */ = {isa = PBXBuildFile; fileRef = BE1BEFF81744E75000F39046 /* SimpleVertex.glsl */; };
		BE1BEFFE1744F0CC00F39046 /* MyViewController.m in Sources */ = {isa = PBXBuildFile; fileRef = BE1BEFFC1744F0CC00F39046 /* MyViewController.m */; };
		BE1BEFFF1744F0CC00F39046 /* MyViewController.xib in Resources */ = {isa = PBXBuildFile; fileRef = BE1BEFFD1744F0CC00F39046 /* MyViewController.xib */; };
/* End PBXBuildFile section */

/* Begin PBXFileReference section */
		BE1BEFBC1744D54100F39046 /* GLSL-Effect.app */ = {isa = PBXFileReference; explicitFileType = wrapper.application; includeInIndex = 0; path = "GLSL-Effect.app"; sourceTree = BUILT_PRODUCTS_DIR; };
		BE1BEFBF1744D54100F39046 /* UIKit.framework */ = {isa = PBXFileReference; lastKnownFileType = wrapper.framework; name = UIKit.framework; path = System/Library/Frameworks/UIKit.framework; sourceTree = SDKROOT; };
		BE1BEFC11744D54100F39046 /* Foundation.framework */ = {isa = PBXFileReference; lastKnownFileType = wrapper.framework; name = Foundation.framework; path = System/Library/Frameworks/Foundation.framework; sourceTree = SDKROOT; };
		BE1BEFC31744D54100F39046 /* CoreGraphics.framework */ = {isa = PBXFileReference; lastKnownFileType = wrapper.framework; name = CoreGraphics.framework; path = System/Library/Frameworks/CoreGraphics.framework; sourceTree = SDKROOT; };
		BE1BEFC71744D54100F39046 /* GLSL-Effect-Info.plist */ = {isa = PBXFileReference; lastKnownFileType = text.plist.xml; path = "GLSL-Effect-Info.plist"; sourceTree = "<group>"; };
		BE1BEFC91744D54100F39046 /* en */ = {isa = PBXFileReference; lastKnownFileType = text.plist.strings; name = en; path = en.lproj/InfoPlist.strings; sourceTree = "<group>"; };
		BE1BEFCB1744D54100F39046 /* main.m */ = {isa = PBXFileReference; lastKnownFileType = sourcecode.c.objc; path = main.m; sourceTree = "<group>"; };
		BE1BEFCD1744D54100F39046 /* GLSL-Effect-Prefix.pch */ = {isa = PBXFileReference; lastKnownFileType = sourcecode.c.h; path = "GLSL-Effect-Prefix.pch"; sourceTree = "<group>"; };
		BE1BEFCE1744D54100F39046 /* AppDelegate.h */ = {isa = PBXFileReference; lastKnownFileType = sourcecode.c.h; path = AppDelegate.h; sourceTree = "<group>"; };
		BE1BEFCF1744D54100F39046 /* AppDelegate.m */ = {isa = PBXFileReference; lastKnownFileType = sourcecode.c.objc; path = AppDelegate.m; sourceTree = "<group>"; };
		BE1BEFD11744D54100F39046 /* Default.png */ = {isa = PBXFileReference; lastKnownFileType = image.png; path = Default.png; sourceTree = "<group>"; };
		BE1BEFD31744D54100F39046 /* Default@2x.png */ = {isa = PBXFileReference; lastKnownFileType = image.png; path = "Default@2x.png"; sourceTree = "<group>"; };
		BE1BEFD51744D54100F39046 /* Default-568h@2x.png */ = {isa = PBXFileReference; lastKnownFileType = image.png; path = "Default-568h@2x.png"; sourceTree = "<group>"; };
		BE1BEFDC1744DD2E00F39046 /* iCoreGUIController.h */ = {isa = PBXFileReference; fileEncoding = 4; lastKnownFileType = sourcecode.c.h; path = iCoreGUIController.h; sourceTree = "<group>"; };
		BE1BEFDD1744DD2E00F39046 /* iCoreGUIController.m */ = {isa = PBXFileReference; fileEncoding = 4; lastKnownFileType = sourcecode.c.objc; path = iCoreGUIController.m; sourceTree = "<group>"; };
		BE1BEFDF1744E2E100F39046 /* OpenGLView.h */ = {isa = PBXFileReference; fileEncoding = 4; lastKnownFileType = sourcecode.c.h; path = OpenGLView.h; sourceTree = "<group>"; };
		BE1BEFE01744E2E100F39046 /* OpenGLView.m */ = {isa = PBXFileReference; fileEncoding = 4; lastKnownFileType = sourcecode.c.objc; path = OpenGLView.m; sourceTree = "<group>"; };
		BE1BEFE21744E31600F39046 /* OpenGLES.framework */ = {isa = PBXFileReference; lastKnownFileType = wrapper.framework; name = OpenGLES.framework; path = System/Library/Frameworks/OpenGLES.framework; sourceTree = SDKROOT; };
		BE1BEFE51744E3F300F39046 /* QuartzCore.framework */ = {isa = PBXFileReference; lastKnownFileType = wrapper.framework; name = QuartzCore.framework; path = System/Library/Frameworks/QuartzCore.framework; sourceTree = SDKROOT; };
		BE1BEFE81744E5FA00F39046 /* CC3Foundation.h */ = {isa = PBXFileReference; fileEncoding = 4; lastKnownFileType = sourcecode.c.h; path = CC3Foundation.h; sourceTree = "<group>"; };
		BE1BEFE91744E5FA00F39046 /* CC3Foundation.m */ = {isa = PBXFileReference; fileEncoding = 4; lastKnownFileType = sourcecode.c.objc; path = CC3Foundation.m; sourceTree = "<group>"; };
		BE1BEFEA1744E5FA00F39046 /* CC3GLMatrix.h */ = {isa = PBXFileReference; fileEncoding = 4; lastKnownFileType = sourcecode.c.h; path = CC3GLMatrix.h; sourceTree = "<group>"; };
		BE1BEFEB1744E5FA00F39046 /* CC3GLMatrix.m */ = {isa = PBXFileReference; fileEncoding = 4; lastKnownFileType = sourcecode.c.objc; path = CC3GLMatrix.m; sourceTree = "<group>"; };
		BE1BEFEC1744E5FA00F39046 /* CC3Kazmath.c */ = {isa = PBXFileReference; fileEncoding = 4; lastKnownFileType = sourcecode.c.c; path = CC3Kazmath.c; sourceTree = "<group>"; };
		BE1BEFED1744E5FA00F39046 /* CC3Kazmath.h */ = {isa = PBXFileReference; fileEncoding = 4; lastKnownFileType = sourcecode.c.h; path = CC3Kazmath.h; sourceTree = "<group>"; };
		BE1BEFEE1744E5FA00F39046 /* CC3Logging.h */ = {isa = PBXFileReference; fileEncoding = 4; lastKnownFileType = sourcecode.c.h; path = CC3Logging.h; sourceTree = "<group>"; };
		BE1BEFEF1744E5FA00F39046 /* CC3Math.h */ = {isa = PBXFileReference; fileEncoding = 4; lastKnownFileType = sourcecode.c.h; path = CC3Math.h; sourceTree = "<group>"; };
		BE1BEFF01744E5FA00F39046 /* CC3Math.m */ = {isa = PBXFileReference; fileEncoding = 4; lastKnownFileType = sourcecode.c.objc; path = CC3Math.m; sourceTree = "<group>"; };
		BE1BEFF11744E5FA00F39046 /* ccTypes.h */ = {isa = PBXFileReference; fileEncoding = 4; lastKnownFileType = sourcecode.c.h; path = ccTypes.h; sourceTree = "<group>"; };
		BE1BEFF71744E75000F39046 /* SimpleFragment.glsl */ = {isa = PBXFileReference; fileEncoding = 4; lastKnownFileType = text; path = SimpleFragment.glsl; sourceTree = "<group>"; };
		BE1BEFF81744E75000F39046 /* SimpleVertex.glsl */ = {isa = PBXFileReference; fileEncoding = 4; lastKnownFileType = text; path = SimpleVertex.glsl; sourceTree = "<group>"; };
		BE1BEFFB1744F0CC00F39046 /* MyViewController.h */ = {isa = PBXFileReference; fileEncoding = 4; lastKnownFileType = sourcecode.c.h; path = MyViewController.h; sourceTree = "<group>"; };
		BE1BEFFC1744F0CC00F39046 /* MyViewController.m */ = {isa = PBXFileReference; fileEncoding = 4; lastKnownFileType = sourcecode.c.objc; path = MyViewController.m; sourceTree = "<group>"; };
		BE1BEFFD1744F0CC00F39046 /* MyViewController.xib */ = {isa = PBXFileReference; fileEncoding = 4; lastKnownFileType = file.xib; path = MyViewController.xib; sourceTree = "<group>"; };
/* End PBXFileReference section */

/* Begin PBXFrameworksBuildPhase section */
		BE1BEFB91744D54100F39046 /* Frameworks */ = {
			isa = PBXFrameworksBuildPhase;
			buildActionMask = 2147483647;
			files = (
				BE1BEFE61744E3F300F39046 /* QuartzCore.framework in Frameworks */,
				BE1BEFE41744E32100F39046 /* OpenGLES.framework in Frameworks */,
				BE1BEFC01744D54100F39046 /* UIKit.framework in Frameworks */,
				BE1BEFC21744D54100F39046 /* Foundation.framework in Frameworks */,
				BE1BEFC41744D54100F39046 /* CoreGraphics.framework in Frameworks */,
			);
			runOnlyForDeploymentPostprocessing = 0;
		};
/* End PBXFrameworksBuildPhase section */

/* Begin PBXGroup section */
		BE1BEFB31744D54100F39046 = {
			isa = PBXGroup;
			children = (
				BE1BEFC51744D54100F39046 /* GLSL-Effect */,
				BE1BEFBE1744D54100F39046 /* Frameworks */,
				BE1BEFBD1744D54100F39046 /* Products */,
			);
			sourceTree = "<group>";
		};
		BE1BEFBD1744D54100F39046 /* Products */ = {
			isa = PBXGroup;
			children = (
				BE1BEFBC1744D54100F39046 /* GLSL-Effect.app */,
			);
			name = Products;
			sourceTree = "<group>";
		};
		BE1BEFBE1744D54100F39046 /* Frameworks */ = {
			isa = PBXGroup;
			children = (
				BE1BEFE51744E3F300F39046 /* QuartzCore.framework */,
				BE1BEFE21744E31600F39046 /* OpenGLES.framework */,
				BE1BEFBF1744D54100F39046 /* UIKit.framework */,
				BE1BEFC11744D54100F39046 /* Foundation.framework */,
				BE1BEFC31744D54100F39046 /* CoreGraphics.framework */,
			);
			name = Frameworks;
			sourceTree = "<group>";
		};
		BE1BEFC51744D54100F39046 /* GLSL-Effect */ = {
			isa = PBXGroup;
			children = (
				BE1BEFF61744E75000F39046 /* Shader */,
				BE1BEFE71744E5FA00F39046 /* Cocos3DMathLib */,
				BE1BEFCE1744D54100F39046 /* AppDelegate.h */,
				BE1BEFCF1744D54100F39046 /* AppDelegate.m */,
				BE1BEFC61744D54100F39046 /* Supporting Files */,
				BE1BEFDC1744DD2E00F39046 /* iCoreGUIController.h */,
				BE1BEFDD1744DD2E00F39046 /* iCoreGUIController.m */,
				BE1BEFFB1744F0CC00F39046 /* MyViewController.h */,
				BE1BEFFC1744F0CC00F39046 /* MyViewController.m */,
				BE1BEFFD1744F0CC00F39046 /* MyViewController.xib */,
				BE1BEFDF1744E2E100F39046 /* OpenGLView.h */,
				BE1BEFE01744E2E100F39046 /* OpenGLView.m */,
			);
			path = "GLSL-Effect";
			sourceTree = "<group>";
		};
		BE1BEFC61744D54100F39046 /* Supporting Files */ = {
			isa = PBXGroup;
			children = (
				BE1BEFC71744D54100F39046 /* GLSL-Effect-Info.plist */,
				BE1BEFC81744D54100F39046 /* InfoPlist.strings */,
				BE1BEFCB1744D54100F39046 /* main.m */,
				BE1BEFCD1744D54100F39046 /* GLSL-Effect-Prefix.pch */,
				BE1BEFD11744D54100F39046 /* Default.png */,
				BE1BEFD31744D54100F39046 /* Default@2x.png */,
				BE1BEFD51744D54100F39046 /* Default-568h@2x.png */,
			);
			name = "Supporting Files";
			sourceTree = "<group>";
		};
		BE1BEFE71744E5FA00F39046 /* Cocos3DMathLib */ = {
			isa = PBXGroup;
			children = (
				BE1BEFE81744E5FA00F39046 /* CC3Foundation.h */,
				BE1BEFE91744E5FA00F39046 /* CC3Foundation.m */,
				BE1BEFEA1744E5FA00F39046 /* CC3GLMatrix.h */,
				BE1BEFEB1744E5FA00F39046 /* CC3GLMatrix.m */,
				BE1BEFEC1744E5FA00F39046 /* CC3Kazmath.c */,
				BE1BEFED1744E5FA00F39046 /* CC3Kazmath.h */,
				BE1BEFEE1744E5FA00F39046 /* CC3Logging.h */,
				BE1BEFEF1744E5FA00F39046 /* CC3Math.h */,
				BE1BEFF01744E5FA00F39046 /* CC3Math.m */,
				BE1BEFF11744E5FA00F39046 /* ccTypes.h */,
			);
			path = Cocos3DMathLib;
			sourceTree = "<group>";
		};
		BE1BEFF61744E75000F39046 /* Shader */ = {
			isa = PBXGroup;
			children = (
				BE1BEFF71744E75000F39046 /* SimpleFragment.glsl */,
				BE1BEFF81744E75000F39046 /* SimpleVertex.glsl */,
			);
			path = Shader;
			sourceTree = "<group>";
		};
/* End PBXGroup section */

/* Begin PBXNativeTarget section */
		BE1BEFBB1744D54100F39046 /* GLSL-Effect */ = {
			isa = PBXNativeTarget;
			buildConfigurationList = BE1BEFD91744D54100F39046 /* Build configuration list for PBXNativeTarget "GLSL-Effect" */;
			buildPhases = (
				BE1BEFB81744D54100F39046 /* Sources */,
				BE1BEFB91744D54100F39046 /* Frameworks */,
				BE1BEFBA1744D54100F39046 /* Resources */,
			);
			buildRules = (
			);
			dependencies = (
			);
			name = "GLSL-Effect";
			productName = "GLSL-Effect";
			productReference = BE1BEFBC1744D54100F39046 /* GLSL-Effect.app */;
			productType = "com.apple.product-type.application";
		};
/* End PBXNativeTarget section */

/* Begin PBXProject section */
		BE1BEFB41744D54100F39046 /* Project object */ = {
			isa = PBXProject;
			attributes = {
				LastUpgradeCheck = 0460;
				ORGANIZATIONNAME = yoyo;
			};
			buildConfigurationList = BE1BEFB71744D54100F39046 /* Build configuration list for PBXProject "GLSL-Effect" */;
			compatibilityVersion = "Xcode 3.2";
			developmentRegion = English;
			hasScannedForEncodings = 0;
			knownRegions = (
				en,
			);
			mainGroup = BE1BEFB31744D54100F39046;
			productRefGroup = BE1BEFBD1744D54100F39046 /* Products */;
			projectDirPath = "";
			projectRoot = "";
			targets = (
				BE1BEFBB1744D54100F39046 /* GLSL-Effect */,
			);
		};
/* End PBXProject section */

/* Begin PBXResourcesBuildPhase section */
		BE1BEFBA1744D54100F39046 /* Resources */ = {
			isa = PBXResourcesBuildPhase;
			buildActionMask = 2147483647;
			files = (
				BE1BEFCA1744D54100F39046 /* InfoPlist.strings in Resources */,
				BE1BEFD21744D54100F39046 /* Default.png in Resources */,
				BE1BEFD41744D54100F39046 /* Default@2x.png in Resources */,
				BE1BEFD61744D54100F39046 /* Default-568h@2x.png in Resources */,
				BE1BEFF91744E75000F39046 /* SimpleFragment.glsl in Resources */,
				BE1BEFFA1744E75000F39046 /* SimpleVertex.glsl in Resources */,
				BE1BEFFF1744F0CC00F39046 /* MyViewController.xib in Resources */,
			);
			runOnlyForDeploymentPostprocessing = 0;
		};
/* End PBXResourcesBuildPhase section */

/* Begin PBXSourcesBuildPhase section */
		BE1BEFB81744D54100F39046 /* Sources */ = {
			isa = PBXSourcesBuildPhase;
			buildActionMask = 2147483647;
			files = (
				BE1BEFCC1744D54100F39046 /* main.m in Sources */,
				BE1BEFD01744D54100F39046 /* AppDelegate.m in Sources */,
				BE1BEFDE1744DD2E00F39046 /* iCoreGUIController.m in Sources */,
				BE1BEFE11744E2E100F39046 /* OpenGLView.m in Sources */,
				BE1BEFF21744E5FA00F39046 /* CC3Foundation.m in Sources */,
				BE1BEFF31744E5FA00F39046 /* CC3GLMatrix.m in Sources */,
				BE1BEFF41744E5FA00F39046 /* CC3Kazmath.c in Sources */,
				BE1BEFF51744E5FA00F39046 /* CC3Math.m in Sources */,
				BE1BEFFE1744F0CC00F39046 /* MyViewController.m in Sources */,
			);
			runOnlyForDeploymentPostprocessing = 0;
		};
/* End PBXSourcesBuildPhase section */

/* Begin PBXVariantGroup section */
		BE1BEFC81744D54100F39046 /* InfoPlist.strings */ = {
			isa = PBXVariantGroup;
			children = (
				BE1BEFC91744D54100F39046 /* en */,
			);
			name = InfoPlist.strings;
			sourceTree = "<group>";
		};
/* End PBXVariantGroup section */

/* Begin XCBuildConfiguration section */
		BE1BEFD71744D54100F39046 /* Debug */ = {
			isa = XCBuildConfiguration;
			buildSettings = {
				ALWAYS_SEARCH_USER_PATHS = NO;
				CLANG_CXX_LANGUAGE_STANDARD = "gnu++0x";
				CLANG_CXX_LIBRARY = "libc++";
				CLANG_WARN_CONSTANT_CONVERSION = YES;
				CLANG_WARN_EMPTY_BODY = YES;
				CLANG_WARN_ENUM_CONVERSION = YES;
				CLANG_WARN_INT_CONVERSION = YES;
				CLANG_WARN__DUPLICATE_METHOD_MATCH = YES;
				"CODE_SIGN_IDENTITY[sdk=iphoneos*]" = "iPhone Developer";
				COPY_PHASE_STRIP = NO;
				GCC_C_LANGUAGE_STANDARD = gnu99;
				GCC_DYNAMIC_NO_PIC = NO;
				GCC_OPTIMIZATION_LEVEL = 0;
				GCC_PREPROCESSOR_DEFINITIONS = (
					"DEBUG=1",
					"$(inherited)",
				);
				GCC_SYMBOLS_PRIVATE_EXTERN = NO;
				GCC_WARN_ABOUT_RETURN_TYPE = YES;
				GCC_WARN_UNINITIALIZED_AUTOS = YES;
				GCC_WARN_UNUSED_VARIABLE = YES;
				IPHONEOS_DEPLOYMENT_TARGET = 6.1;
				ONLY_ACTIVE_ARCH = YES;
				SDKROOT = iphoneos;
				TARGETED_DEVICE_FAMILY = "1,2";
			};
			name = Debug;
		};
		BE1BEFD81744D54100F39046 /* Release */ = {
			isa = XCBuildConfiguration;
			buildSettings = {
				ALWAYS_SEARCH_USER_PATHS = NO;
				CLANG_CXX_LANGUAGE_STANDARD = "gnu++0x";
				CLANG_CXX_LIBRARY = "libc++";
				CLANG_WARN_CONSTANT_CONVERSION = YES;
				CLANG_WARN_EMPTY_BODY = YES;
				CLANG_WARN_ENUM_CONVERSION = YES;
				CLANG_WARN_INT_CONVERSION = YES;
				CLANG_WARN__DUPLICATE_METHOD_MATCH = YES;
				"CODE_SIGN_IDENTITY[sdk=iphoneos*]" = "iPhone Developer";
				COPY_PHASE_STRIP = YES;
				GCC_C_LANGUAGE_STANDARD = gnu99;
				GCC_WARN_ABOUT_RETURN_TYPE = YES;
				GCC_WARN_UNINITIALIZED_AUTOS = YES;
				GCC_WARN_UNUSED_VARIABLE = YES;
				IPHONEOS_DEPLOYMENT_TARGET = 6.1;
				OTHER_CFLAGS = "-DNS_BLOCK_ASSERTIONS=1";
				SDKROOT = iphoneos;
				TARGETED_DEVICE_FAMILY = "1,2";
				VALIDATE_PRODUCT = YES;
			};
			name = Release;
		};
		BE1BEFDA1744D54100F39046 /* Debug */ = {
			isa = XCBuildConfiguration;
			buildSettings = {
				GCC_PRECOMPILE_PREFIX_HEADER = YES;
				GCC_PREFIX_HEADER = "GLSL-Effect/GLSL-Effect-Prefix.pch";
				INFOPLIST_FILE = "GLSL-Effect/GLSL-Effect-Info.plist";
				PRODUCT_NAME = "$(TARGET_NAME)";
				WRAPPER_EXTENSION = app;
			};
			name = Debug;
		};
		BE1BEFDB1744D54100F39046 /* Release */ = {
			isa = XCBuildConfiguration;
			buildSettings = {
				GCC_PRECOMPILE_PREFIX_HEADER = YES;
				GCC_PREFIX_HEADER = "GLSL-Effect/GLSL-Effect-Prefix.pch";
				INFOPLIST_FILE = "GLSL-Effect/GLSL-Effect-Info.plist";
				PRODUCT_NAME = "$(TARGET_NAME)";
				WRAPPER_EXTENSION = app;
			};
			name = Release;
		};
/* End XCBuildConfiguration section */

/* Begin XCConfigurationList section */
		BE1BEFB71744D54100F39046 /* Build configuration list for PBXProject "GLSL-Effect" */ = {
			isa = XCConfigurationList;
			buildConfigurations = (
				BE1BEFD71744D54100F39046 /* Debug */,
				BE1BEFD81744D54100F39046 /* Release */,
			);
			defaultConfigurationIsVisible = 0;
			defaultConfigurationName = Release;
		};
		BE1BEFD91744D54100F39046 /* Build configuration list for PBXNativeTarget "GLSL-Effect" */ = {
			isa = XCConfigurationList;
			buildConfigurations = (
				BE1BEFDA1744D54100F39046 /* Debug */,
				BE1BEFDB1744D54100F39046 /* Release */,
			);
			defaultConfigurationIsVisible = 0;
			defaultConfigurationName = Release;
		};
/* End XCConfigurationList section */
	};
	rootObject = BE1BEFB41744D54100F39046 /* Project object */;
}
